
Microsoft Visual Studio Solution File, Format Version 12.00
# Visual Studio 15
VisualStudioVersion = 15.0.27004.2002
MinimumVisualStudioVersion = 10.0.40219.1
Project("{9A19103F-16F7-4668-BE54-9A1E7A4F7556}") = "HVManager.DataAccessAPI", "HVManager.DataAccessAPI\HVManager.DataAccessAPI.csproj", "{50A0B388-71F3-4ACB-BB43-35EA2CCF7453}"
EndProject
Project("{9092AA53-FB77-4645-B42D-1CCCA6BD08BD}") = "HVManager.WebUI", "HVManager.WebUI\HVManager.WebUI.njsproj", "{6C33726B-CD89-4FC5-BF8A-8072CE9FA005}"
EndProject
Global
	GlobalSection(SolutionConfigurationPlatforms) = preSolution
		Debug|Any CPU = Debug|Any CPU
		Release|Any CPU = Release|Any CPU
	EndGlobalSection
	GlobalSection(ProjectConfigurationPlatforms) = postSolution
		{50A0B388-71F3-4ACB-BB43-35EA2CCF7453}.Debug|Any CPU.ActiveCfg = Debug|Any CPU
		{50A0B388-71F3-4ACB-BB43-35EA2CCF7453}.Debug|Any CPU.Build.0 = Debug|Any CPU
		{50A0B388-71F3-4ACB-BB43-35EA2CCF7453}.Release|Any CPU.ActiveCfg = Release|Any CPU
		{50A0B388-71F3-4ACB-BB43-35EA2CCF7453}.Release|Any CPU.Build.0 = Release|Any CPU
		{6C33726B-CD89-4FC5-BF8A-8072CE9FA005}.Debug|Any CPU.ActiveCfg = Debug|Any CPU
		{6C33726B-CD89-4FC5-BF8A-8072CE9FA005}.Debug|Any CPU.Build.0 = Debug|Any CPU
		{6C33726B-CD89-4FC5-BF8A-8072CE9FA005}.Release|Any CPU.ActiveCfg = Release|Any CPU
		{6C33726B-CD89-4FC5-BF8A-8072CE9FA005}.Release|Any CPU.Build.0 = Release|Any CPU
	EndGlobalSection
	GlobalSection(SolutionProperties) = preSolution
		HideSolutionNode = FALSE
	EndGlobalSection
	GlobalSection(ExtensibilityGlobals) = postSolution
		SolutionGuid = {C3ACFCF9-62FB-45B8-8A16-CD8EC19645E0}
	EndGlobalSection
EndGlobal
